
Microsoft Visual Studio Solution File, Format Version 12.00
# Visual Studio 15
VisualStudioVersion = 15.0.26403.7
MinimumVisualStudioVersion = 10.0.40219.1
Project("{FAE04EC0-301F-11D3-BF4B-00C04F79EFBC}") = "TimeCode4net", "TimeCode4net\TimeCode4net.csproj", "{3D7C026B-B0E8-4FC9-BDD8-12D28544615F}"
EndProject
Project("{FAE04EC0-301F-11D3-BF4B-00C04F79EFBC}") = "TimeCode4net.Tests", "TimeCode4net.Tests\TimeCode4net.Tests.csproj", "{1E7212D8-90F2-461F-AF56-987AFC87AE48}"
EndProject
Global
	GlobalSection(SolutionConfigurationPlatforms) = preSolution
		Debug|Any CPU = Debug|Any CPU
		Release|Any CPU = Release|Any CPU
	EndGlobalSection
	GlobalSection(ProjectConfigurationPlatforms) = postSolution
		{3D7C026B-B0E8-4FC9-BDD8-12D28544615F}.Debug|Any CPU.ActiveCfg = Debug|Any CPU
		{3D7C026B-B0E8-4FC9-BDD8-12D28544615F}.Debug|Any CPU.Build.0 = Debug|Any CPU
		{3D7C026B-B0E8-4FC9-BDD8-12D28544615F}.Release|Any CPU.ActiveCfg = Release|Any CPU
		{3D7C026B-B0E8-4FC9-BDD8-12D28544615F}.Release|Any CPU.Build.0 = Release|Any CPU
		{1E7212D8-90F2-461F-AF56-987AFC87AE48}.Debug|Any CPU.ActiveCfg = Debug|Any CPU
		{1E7212D8-90F2-461F-AF56-987AFC87AE48}.Debug|Any CPU.Build.0 = Debug|Any CPU
		{1E7212D8-90F2-461F-AF56-987AFC87AE48}.Release|Any CPU.ActiveCfg = Release|Any CPU
		{1E7212D8-90F2-461F-AF56-987AFC87AE48}.Release|Any CPU.Build.0 = Release|Any CPU
	EndGlobalSection
	GlobalSection(SolutionProperties) = preSolution
		HideSolutionNode = FALSE
	EndGlobalSection
EndGlobal
